// !$*UTF8*$!
{
	archiveVersion = 1;
	classes = {
	};
	objectVersion = 77;
	objects = {

/* Begin PBXBuildFile section */
		9C9617CF2FD67FA3005BD21A /* WidgetKit.framework in Frameworks */ = {isa = PBXBuildFile; fileRef = 9C9617CE2FD67FA3005BD21A /* WidgetKit.framework */; };
		9C9617D12FD67FA3005BD21A /* SwiftUI.framework in Frameworks */ = {isa = PBXBuildFile; fileRef = 9C9617D02FD67FA3005BD21A /* SwiftUI.framework */; };
		9C9617E22FD67FA4005BD21A /* PrepPilotWidgetsExtension.appex in Embed Foundation Extensions */ = {isa = PBXBuildFile; fileRef = 9C9617CC2FD67FA3005BD21A /* PrepPilotWidgetsExtension.appex */; settings = {ATTRIBUTES = (RemoveHeadersOnCopy, ); }; };
/* End PBXBuildFile section */

/* Begin PBXContainerItemProxy section */
		9C9617E02FD67FA4005BD21A /* PBXContainerItemProxy */ = {
			isa = PBXContainerItemProxy;
			containerPortal = 9C7F925F2FD1482C001A8E1F /* Project object */;
			proxyType = 1;
			remoteGlobalIDString = 9C9617CB2FD67FA3005BD21A;
			remoteInfo = PrepPilotWidgetsExtension;
		};
/* End PBXContainerItemProxy section */

/* Begin PBXCopyFilesBuildPhase section */
		9C9617E72FD67FA4005BD21A /* Embed Foundation Extensions */ = {
			isa = PBXCopyFilesBuildPhase;
			buildActionMask = 2147483647;
			dstPath = "";
			dstSubfolderSpec = 13;
			files = (
				9C9617E22FD67FA4005BD21A /* PrepPilotWidgetsExtension.appex in Embed Foundation Extensions */,
			);
			name = "Embed Foundation Extensions";
			runOnlyForDeploymentPostprocessing = 0;
		};
/* End PBXCopyFilesBuildPhase section */

/* Begin PBXFileReference section */
		9C7F92672FD1482C001A8E1F /* PrepPilot.app */ = {isa = PBXFileReference; explicitFileType = wrapper.application; includeInIndex = 0; path = PrepPilot.app; sourceTree = BUILT_PRODUCTS_DIR; };
		9C9617CC2FD67FA3005BD21A /* PrepPilotWidgetsExtension.appex */ = {isa = PBXFileReference; explicitFileType = "wrapper.app-extension"; includeInIndex = 0; path = PrepPilotWidgetsExtension.appex; sourceTree = BUILT_PRODUCTS_DIR; };
		9C9617CE2FD67FA3005BD21A /* WidgetKit.framework */ = {isa = PBXFileReference; lastKnownFileType = wrapper.framework; name = WidgetKit.framework; path = System/Library/Frameworks/WidgetKit.framework; sourceTree = SDKROOT; };
		9C9617D02FD67FA3005BD21A /* SwiftUI.framework */ = {isa = PBXFileReference; lastKnownFileType = wrapper.framework; name = SwiftUI.framework; path = System/Library/Frameworks/SwiftUI.framework; sourceTree = SDKROOT; };
/* End PBXFileReference section */

/* Begin PBXFileSystemSynchronizedBuildFileExceptionSet section */
		9C9617C62FD14D94005BD21A /* Exceptions for "PrepPilot" folder in "PrepPilot" target */ = {
			isa = PBXFileSystemSynchronizedBuildFileExceptionSet;
			membershipExceptions = (
				Info.plist,
				Models/StudyModels.swift,
				Services/AppEnvironment.swift,
				Services/AudioRecorderService.swift,
				Services/CloudSyncService.swift,
				Services/SpeechTranscriptionService.swift,
				Services/SubscriptionStore.swift,
				Support/DesignSystem.swift,
				Support/Haptics.swift,
				Support/Navigation.swift,
				Support/PrepPilotSchema.swift,
				Support/PreviewData.swift,
				ViewModels/ChatViewModel.swift,
				ViewModels/DashboardViewModel.swift,
				ViewModels/FlashcardStudyViewModel.swift,
				ViewModels/QuizSessionViewModel.swift,
				ViewModels/RecordingViewModel.swift,
				ViewModels/SearchViewModel.swift,
				Views/Components/PremiumComponents.swift,
				Views/Learning/AIChatView.swift,
				Views/Learning/FlashcardView.swift,
				Views/Learning/LectureDetailView.swift,
				Views/Learning/NotesView.swift,
				Views/Learning/QuizView.swift,
				Views/Learning/RecordingView.swift,
				Views/Learning/SearchView.swift,
				Views/Learning/StudyGuideView.swift,
				Views/Learning/TranscriptView.swift,
				Views/Root/AuthenticationView.swift,
				Views/Root/DashboardView.swift,
				Views/Root/MainTabView.swift,
				Views/Root/OnboardingView.swift,
				Views/Root/PaywallView.swift,
				Views/Root/ProfileView.swift,
				Views/Root/SettingsView.swift,
			);
			target = 9C7F92662FD1482C001A8E1F /* PrepPilot */;
		};
		9C9617E62FD67FA4005BD21A /* Exceptions for "PrepPilotWidgets" folder in "PrepPilotWidgetsExtension" target */ = {
			isa = PBXFileSystemSynchronizedBuildFileExceptionSet;
			membershipExceptions = (
				Info.plist,
			);
			target = 9C9617CB2FD67FA3005BD21A /* PrepPilotWidgetsExtension */;
		};
/* End PBXFileSystemSynchronizedBuildFileExceptionSet section */

/* Begin PBXFileSystemSynchronizedRootGroup section */
		9C7F92692FD1482C001A8E1F /* PrepPilot */ = {
			isa = PBXFileSystemSynchronizedRootGroup;
			exceptions = (
				9C9617C62FD14D94005BD21A /* Exceptions for "PrepPilot" folder in "PrepPilot" target */,
			);
			path = PrepPilot;
			sourceTree = "<group>";
		};
		9C9617D22FD67FA3005BD21A /* PrepPilotWidgets */ = {
			isa = PBXFileSystemSynchronizedRootGroup;
			exceptions = (
				9C9617E62FD67FA4005BD21A /* Exceptions for "PrepPilotWidgets" folder in "PrepPilotWidgetsExtension" target */,
			);
			path = PrepPilotWidgets;
			sourceTree = "<group>";
		};
/* End PBXFileSystemSynchronizedRootGroup section */

/* Begin PBXFrameworksBuildPhase section */
		9C7F92642FD1482C001A8E1F /* Frameworks */ = {
			isa = PBXFrameworksBuildPhase;
			buildActionMask = 2147483647;
			files = (
			);
			runOnlyForDeploymentPostprocessing = 0;
		};
		9C9617C92FD67FA3005BD21A /* Frameworks */ = {
			isa = PBXFrameworksBuildPhase;
			buildActionMask = 2147483647;
			files = (
				9C9617D12FD67FA3005BD21A /* SwiftUI.framework in Frameworks */,
				9C9617CF2FD67FA3005BD21A /* WidgetKit.framework in Frameworks */,
			);
			runOnlyForDeploymentPostprocessing = 0;
		};
/* End PBXFrameworksBuildPhase section */

/* Begin PBXGroup section */
		9C7F925E2FD1482C001A8E1F = {
			isa = PBXGroup;
			children = (
				9C7F92692FD1482C001A8E1F /* PrepPilot */,
				9C9617D22FD67FA3005BD21A /* PrepPilotWidgets */,
				9C9617CD2FD67FA3005BD21A /* Frameworks */,
				9C7F92682FD1482C001A8E1F /* Products */,
			);
			sourceTree = "<group>";
		};
		9C7F92682FD1482C001A8E1F /* Products */ = {
			isa = PBXGroup;
			children = (
				9C7F92672FD1482C001A8E1F /* PrepPilot.app */,
				9C9617CC2FD67FA3005BD21A /* PrepPilotWidgetsExtension.appex */,
			);
			name = Products;
			sourceTree = "<group>";
		};
		9C9617CD2FD67FA3005BD21A /* Frameworks */ = {
			isa = PBXGroup;
			children = (
				9C9617CE2FD67FA3005BD21A /* WidgetKit.framework */,
				9C9617D02FD67FA3005BD21A /* SwiftUI.framework */,
			);
			name = Frameworks;
			sourceTree = "<group>";
		};
/* End PBXGroup section */

/* Begin PBXNativeTarget section */
		9C7F92662FD1482C001A8E1F /* PrepPilot */ = {
			isa = PBXNativeTarget;
			buildConfigurationList = 9C7F92722FD1482D001A8E1F /* Build configuration list for PBXNativeTarget "PrepPilot" */;
			buildPhases = (
				9C7F92632FD1482C001A8E1F /* Sources */,
				9C7F92642FD1482C001A8E1F /* Frameworks */,
				9C7F92652FD1482C001A8E1F /* Resources */,
				9C9617E72FD67FA4005BD21A /* Embed Foundation Extensions */,
			);
			buildRules = (
			);
			dependencies = (
				9C9617E12FD67FA4005BD21A /* PBXTargetDependency */,
			);
			fileSystemSynchronizedGroups = (
				9C7F92692FD1482C001A8E1F /* PrepPilot */,
			);
			name = PrepPilot;
			packageProductDependencies = (
			);
			productName = PrepPilot;
			productReference = 9C7F92672FD1482C001A8E1F /* PrepPilot.app */;
			productType = "com.apple.product-type.application";
		};
		9C9617CB2FD67FA3005BD21A /* PrepPilotWidgetsExtension */ = {
			isa = PBXNativeTarget;
			buildConfigurationList = 9C9617E32FD67FA4005BD21A /* Build configuration list for PBXNativeTarget "PrepPilotWidgetsExtension" */;
			buildPhases = (
				9C9617C82FD67FA3005BD21A /* Sources */,
				9C9617C92FD67FA3005BD21A /* Frameworks */,
				9C9617CA2FD67FA3005BD21A /* Resources */,
			);
			buildRules = (
			);
			dependencies = (
			);
			fileSystemSynchronizedGroups = (
				9C9617D22FD67FA3005BD21A /* PrepPilotWidgets */,
			);
			name = PrepPilotWidgetsExtension;
			packageProductDependencies = (
			);
			productName = PrepPilotWidgetsExtension;
			productReference = 9C9617CC2FD67FA3005BD21A /* PrepPilotWidgetsExtension.appex */;
			productType = "com.apple.product-type.app-extension";
		};
/* End PBXNativeTarget section */

/* Begin PBXProject section */
		9C7F925F2FD1482C001A8E1F /* Project object */ = {
			isa = PBXProject;
			attributes = {
				BuildIndependentTargetsInParallel = 1;
				LastSwiftUpdateCheck = 2650;
				LastUpgradeCheck = 2650;
				TargetAttributes = {
					9C7F92662FD1482C001A8E1F = {
						CreatedOnToolsVersion = 26.5;
					};
					9C9617CB2FD67FA3005BD21A = {
						CreatedOnToolsVersion = 26.5;
					};
				};
			};
			buildConfigurationList = 9C7F92622FD1482C001A8E1F /* Build configuration list for PBXProject "PrepPilot" */;
			developmentRegion = en;
			hasScannedForEncodings = 0;
			knownRegions = (
				en,
				Base,
			);
			mainGroup = 9C7F925E2FD1482C001A8E1F;
			minimizedProjectReferenceProxies = 1;
			preferredProjectObjectVersion = 77;
			productRefGroup = 9C7F92682FD1482C001A8E1F /* Products */;
			projectDirPath = "";
			projectRoot = "";
			targets = (
				9C7F92662FD1482C001A8E1F /* PrepPilot */,
				9C9617CB2FD67FA3005BD21A /* PrepPilotWidgetsExtension */,
			);
		};
/* End PBXProject section */

/* Begin PBXResourcesBuildPhase section */
		9C7F92652FD1482C001A8E1F /* Resources */ = {
			isa = PBXResourcesBuildPhase;
			buildActionMask = 2147483647;
			files = (
			);
			runOnlyForDeploymentPostprocessing = 0;
		};
		9C9617CA2FD67FA3005BD21A /* Resources */ = {
			isa = PBXResourcesBuildPhase;
			buildActionMask = 2147483647;
			files = (
			);
			runOnlyForDeploymentPostprocessing = 0;
		};
/* End PBXResourcesBuildPhase section */

/* Begin PBXSourcesBuildPhase section */
		9C7F92632FD1482C001A8E1F /* Sources */ = {
			isa = PBXSourcesBuildPhase;
			buildActionMask = 2147483647;
			files = (
			);
			runOnlyForDeploymentPostprocessing = 0;
		};
		9C9617C82FD67FA3005BD21A /* Sources */ = {
			isa = PBXSourcesBuildPhase;
			buildActionMask = 2147483647;
			files = (
			);
			runOnlyForDeploymentPostprocessing = 0;
		};
/* End PBXSourcesBuildPhase section */

/* Begin PBXTargetDependency section */
		9C9617E12FD67FA4005BD21A /* PBXTargetDependency */ = {
			isa = PBXTargetDependency;
			target = 9C9617CB2FD67FA3005BD21A /* PrepPilotWidgetsExtension */;
			targetProxy = 9C9617E02FD67FA4005BD21A /* PBXContainerItemProxy */;
		};
/* End PBXTargetDependency section */

/* Begin XCBuildConfiguration section */
		9C7F92702FD1482D001A8E1F /* Debug */ = {
			isa = XCBuildConfiguration;
			buildSettings = {
				ALWAYS_SEARCH_USER_PATHS = NO;
				ASSETCATALOG_COMPILER_GENERATE_SWIFT_ASSET_SYMBOL_EXTENSIONS = YES;
				CLANG_ANALYZER_NONNULL = YES;
				CLANG_ANALYZER_NUMBER_OBJECT_CONVERSION = YES_AGGRESSIVE;
				CLANG_CXX_LANGUAGE_STANDARD = "gnu++20";
				CLANG_ENABLE_MODULES = YES;
				CLANG_ENABLE_OBJC_ARC = YES;
				CLANG_ENABLE_OBJC_WEAK = YES;
				CLANG_WARN_BLOCK_CAPTURE_AUTORELEASING = YES;
				CLANG_WARN_BOOL_CONVERSION = YES;
				CLANG_WARN_COMMA = YES;
				CLANG_WARN_CONSTANT_CONVERSION = YES;
				CLANG_WARN_DEPRECATED_OBJC_IMPLEMENTATIONS = YES;
				CLANG_WARN_DIRECT_OBJC_ISA_USAGE = YES_ERROR;
				CLANG_WARN_DOCUMENTATION_COMMENTS = YES;
				CLANG_WARN_EMPTY_BODY = YES;
				CLANG_WARN_ENUM_CONVERSION = YES;
				CLANG_WARN_INFINITE_RECURSION = YES;
				CLANG_WARN_INT_CONVERSION = YES;
				CLANG_WARN_NON_LITERAL_NULL_CONVERSION = YES;
				CLANG_WARN_OBJC_IMPLICIT_RETAIN_SELF = YES;
				CLANG_WARN_OBJC_LITERAL_CONVERSION = YES;
				CLANG_WARN_OBJC_ROOT_CLASS = YES_ERROR;
				CLANG_WARN_QUOTED_INCLUDE_IN_FRAMEWORK_HEADER = YES;
				CLANG_WARN_RANGE_LOOP_ANALYSIS = YES;
				CLANG_WARN_STRICT_PROTOTYPES = YES;
				CLANG_WARN_SUSPICIOUS_MOVE = YES;
				CLANG_WARN_UNGUARDED_AVAILABILITY = YES_AGGRESSIVE;
				CLANG_WARN_UNREACHABLE_CODE = YES;
				CLANG_WARN__DUPLICATE_METHOD_MATCH = YES;
				COPY_PHASE_STRIP = NO;
				DEBUG_INFORMATION_FORMAT = dwarf;
				DEVELOPMENT_TEAM = 8JUK8MNWQ7;
				ENABLE_STRICT_OBJC_MSGSEND = YES;
				ENABLE_TESTABILITY = YES;
				ENABLE_USER_SCRIPT_SANDBOXING = YES;
				GCC_C_LANGUAGE_STANDARD = gnu17;
				GCC_DYNAMIC_NO_PIC = NO;
				GCC_NO_COMMON_BLOCKS = YES;
				GCC_OPTIMIZATION_LEVEL = 0;
				GCC_PREPROCESSOR_DEFINITIONS = (
					"DEBUG=1",
					"$(inherited)",
				);
				GCC_WARN_64_TO_32_BIT_CONVERSION = YES;
				GCC_WARN_ABOUT_RETURN_TYPE = YES_ERROR;
				GCC_WARN_UNDECLARED_SELECTOR = YES;
				GCC_WARN_UNINITIALIZED_AUTOS = YES_AGGRESSIVE;
				GCC_WARN_UNUSED_FUNCTION = YES;
				GCC_WARN_UNUSED_VARIABLE = YES;
				LOCALIZATION_PREFERS_STRING_CATALOGS = YES;
				MTL_ENABLE_DEBUG_INFO = INCLUDE_SOURCE;
				MTL_FAST_MATH = YES;
				ONLY_ACTIVE_ARCH = YES;
				SWIFT_ACTIVE_COMPILATION_CONDITIONS = "DEBUG $(inherited)";
				SWIFT_OPTIMIZATION_LEVEL = "-Onone";
			};
			name = Debug;
		};
		9C7F92712FD1482D001A8E1F /* Release */ = {
			isa = XCBuildConfiguration;
			buildSettings = {
				ALWAYS_SEARCH_USER_PATHS = NO;
				ASSETCATALOG_COMPILER_GENERATE_SWIFT_ASSET_SYMBOL_EXTENSIONS = YES;
				CLANG_ANALYZER_NONNULL = YES;
				CLANG_ANALYZER_NUMBER_OBJECT_CONVERSION = YES_AGGRESSIVE;
				CLANG_CXX_LANGUAGE_STANDARD = "gnu++20";
				CLANG_ENABLE_MODULES = YES;
				CLANG_ENABLE_OBJC_ARC = YES;
				CLANG_ENABLE_OBJC_WEAK = YES;
				CLANG_WARN_BLOCK_CAPTURE_AUTORELEASING = YES;
				CLANG_WARN_BOOL_CONVERSION = YES;
				CLANG_WARN_COMMA = YES;
				CLANG_WARN_CONSTANT_CONVERSION = YES;
				CLANG_WARN_DEPRECATED_OBJC_IMPLEMENTATIONS = YES;
				CLANG_WARN_DIRECT_OBJC_ISA_USAGE = YES_ERROR;
				CLANG_WARN_DOCUMENTATION_COMMENTS = YES;
				CLANG_WARN_EMPTY_BODY = YES;
				CLANG_WARN_ENUM_CONVERSION = YES;
				CLANG_WARN_INFINITE_RECURSION = YES;
				CLANG_WARN_INT_CONVERSION = YES;
				CLANG_WARN_NON_LITERAL_NULL_CONVERSION = YES;
				CLANG_WARN_OBJC_IMPLICIT_RETAIN_SELF = YES;
				CLANG_WARN_OBJC_LITERAL_CONVERSION = YES;
				CLANG_WARN_OBJC_ROOT_CLASS = YES_ERROR;
				CLANG_WARN_QUOTED_INCLUDE_IN_FRAMEWORK_HEADER = YES;
				CLANG_WARN_RANGE_LOOP_ANALYSIS = YES;
				CLANG_WARN_STRICT_PROTOTYPES = YES;
				CLANG_WARN_SUSPICIOUS_MOVE = YES;
				CLANG_WARN_UNGUARDED_AVAILABILITY = YES_AGGRESSIVE;
				CLANG_WARN_UNREACHABLE_CODE = YES;
				CLANG_WARN__DUPLICATE_METHOD_MATCH = YES;
				COPY_PHASE_STRIP = NO;
				DEBUG_INFORMATION_FORMAT = "dwarf-with-dsym";
				DEVELOPMENT_TEAM = 8JUK8MNWQ7;
				ENABLE_NS_ASSERTIONS = NO;
				ENABLE_STRICT_OBJC_MSGSEND = YES;
				ENABLE_USER_SCRIPT_SANDBOXING = YES;
				GCC_C_LANGUAGE_STANDARD = gnu17;
				GCC_NO_COMMON_BLOCKS = YES;
				GCC_WARN_64_TO_32_BIT_CONVERSION = YES;
				GCC_WARN_ABOUT_RETURN_TYPE = YES_ERROR;
				GCC_WARN_UNDECLARED_SELECTOR = YES;
				GCC_WARN_UNINITIALIZED_AUTOS = YES_AGGRESSIVE;
				GCC_WARN_UNUSED_FUNCTION = YES;
				GCC_WARN_UNUSED_VARIABLE = YES;
				LOCALIZATION_PREFERS_STRING_CATALOGS = YES;
				MTL_ENABLE_DEBUG_INFO = NO;
				MTL_FAST_MATH = YES;
				SWIFT_COMPILATION_MODE = wholemodule;
			};
			name = Release;
		};
		9C7F92732FD1482D001A8E1F /* Debug */ = {
			isa = XCBuildConfiguration;
			buildSettings = {
				ASSETCATALOG_COMPILER_APPICON_NAME = AppIcon;
				ASSETCATALOG_COMPILER_GLOBAL_ACCENT_COLOR_NAME = AccentColor;
				CODE_SIGN_STYLE = Automatic;
				CURRENT_PROJECT_VERSION = 1;
				DEVELOPMENT_TEAM = 8JUK8MNWQ7;
				ENABLE_APP_SANDBOX = YES;
				ENABLE_HARDENED_RUNTIME = YES;
				ENABLE_PREVIEWS = YES;
				ENABLE_USER_SELECTED_FILES = readonly;
				GENERATE_INFOPLIST_FILE = YES;
				INFOPLIST_FILE = PrepPilot/Info.plist;
				INFOPLIST_KEY_NSCameraUsageDescription = "PrepPilot uses the camera to capture note photos and turn them into study materials.";
				INFOPLIST_KEY_NSMicrophoneUsageDescription = "PrepPilot records lecture audio to create transcripts and study materials.";
				INFOPLIST_KEY_NSSpeechRecognitionUsageDescription = "PrepPilot transcribes lecture audio to generate notes, flashcards, quizzes, and study guides.";
				"INFOPLIST_KEY_UIApplicationSceneManifest_Generation[sdk=iphoneos*]" = YES;
				"INFOPLIST_KEY_UIApplicationSceneManifest_Generation[sdk=iphonesimulator*]" = YES;
				"INFOPLIST_KEY_UIApplicationSupportsIndirectInputEvents[sdk=iphoneos*]" = YES;
				"INFOPLIST_KEY_UIApplicationSupportsIndirectInputEvents[sdk=iphonesimulator*]" = YES;
				"INFOPLIST_KEY_UILaunchScreen_Generation[sdk=iphoneos*]" = YES;
				"INFOPLIST_KEY_UILaunchScreen_Generation[sdk=iphonesimulator*]" = YES;
				"INFOPLIST_KEY_UIStatusBarStyle[sdk=iphoneos*]" = UIStatusBarStyleDefault;
				"INFOPLIST_KEY_UIStatusBarStyle[sdk=iphonesimulator*]" = UIStatusBarStyleDefault;
				INFOPLIST_KEY_UISupportedInterfaceOrientations_iPad = "UIInterfaceOrientationPortrait UIInterfaceOrientationPortraitUpsideDown UIInterfaceOrientationLandscapeLeft UIInterfaceOrientationLandscapeRight";
				INFOPLIST_KEY_UISupportedInterfaceOrientations_iPhone = "UIInterfaceOrientationPortrait UIInterfaceOrientationLandscapeLeft UIInterfaceOrientationLandscapeRight";
				IPHONEOS_DEPLOYMENT_TARGET = 26.5;
				LD_RUNPATH_SEARCH_PATHS = "@executable_path/Frameworks";
				"LD_RUNPATH_SEARCH_PATHS[sdk=macosx*]" = "@executable_path/../Frameworks";
				MACOSX_DEPLOYMENT_TARGET = 26.5;
				MARKETING_VERSION = 1.0;
				PRODUCT_BUNDLE_IDENTIFIER = com.bmh.PrepPilot;
				PRODUCT_NAME = "$(TARGET_NAME)";
				REGISTER_APP_GROUPS = YES;
				SDKROOT = auto;
				STRING_CATALOG_GENERATE_SYMBOLS = YES;
				SUPPORTED_PLATFORMS = "iphoneos iphonesimulator macosx xros xrsimulator";
				SWIFT_APPROACHABLE_CONCURRENCY = YES;
				SWIFT_DEFAULT_ACTOR_ISOLATION = MainActor;
				SWIFT_EMIT_LOC_STRINGS = YES;
				SWIFT_UPCOMING_FEATURE_MEMBER_IMPORT_VISIBILITY = YES;
				SWIFT_VERSION = 5.0;
				TARGETED_DEVICE_FAMILY = "1,2,7";
				XROS_DEPLOYMENT_TARGET = 26.5;
			};
			name = Debug;
		};
		9C7F92742FD1482D001A8E1F /* Release */ = {
			isa = XCBuildConfiguration;
			buildSettings = {
				ASSETCATALOG_COMPILER_APPICON_NAME = AppIcon;
				ASSETCATALOG_COMPILER_GLOBAL_ACCENT_COLOR_NAME = AccentColor;
				CODE_SIGN_STYLE = Automatic;
				CURRENT_PROJECT_VERSION = 1;
				DEVELOPMENT_TEAM = 8JUK8MNWQ7;
				ENABLE_APP_SANDBOX = YES;
				ENABLE_HARDENED_RUNTIME = YES;
				ENABLE_PREVIEWS = YES;
				ENABLE_USER_SELECTED_FILES = readonly;
				GENERATE_INFOPLIST_FILE = YES;
				INFOPLIST_FILE = PrepPilot/Info.plist;
				INFOPLIST_KEY_NSCameraUsageDescription = "PrepPilot uses the camera to capture note photos and turn them into study materials.";
				INFOPLIST_KEY_NSMicrophoneUsageDescription = "PrepPilot records lecture audio to create transcripts and study materials.";
				INFOPLIST_KEY_NSSpeechRecognitionUsageDescription = "PrepPilot transcribes lecture audio to generate notes, flashcards, quizzes, and study guides.";
				"INFOPLIST_KEY_UIApplicationSceneManifest_Generation[sdk=iphoneos*]" = YES;
				"INFOPLIST_KEY_UIApplicationSceneManifest_Generation[sdk=iphonesimulator*]" = YES;
				"INFOPLIST_KEY_UIApplicationSupportsIndirectInputEvents[sdk=iphoneos*]" = YES;
				"INFOPLIST_KEY_UIApplicationSupportsIndirectInputEvents[sdk=iphonesimulator*]" = YES;
				"INFOPLIST_KEY_UILaunchScreen_Generation[sdk=iphoneos*]" = YES;
				"INFOPLIST_KEY_UILaunchScreen_Generation[sdk=iphonesimulator*]" = YES;
				"INFOPLIST_KEY_UIStatusBarStyle[sdk=iphoneos*]" = UIStatusBarStyleDefault;
				"INFOPLIST_KEY_UIStatusBarStyle[sdk=iphonesimulator*]" = UIStatusBarStyleDefault;
				INFOPLIST_KEY_UISupportedInterfaceOrientations_iPad = "UIInterfaceOrientationPortrait UIInterfaceOrientationPortraitUpsideDown UIInterfaceOrientationLandscapeLeft UIInterfaceOrientationLandscapeRight";
				INFOPLIST_KEY_UISupportedInterfaceOrientations_iPhone = "UIInterfaceOrientationPortrait UIInterfaceOrientationLandscapeLeft UIInterfaceOrientationLandscapeRight";
				IPHONEOS_DEPLOYMENT_TARGET = 26.5;
				LD_RUNPATH_SEARCH_PATHS = "@executable_path/Frameworks";
				"LD_RUNPATH_SEARCH_PATHS[sdk=macosx*]" = "@executable_path/../Frameworks";
				MACOSX_DEPLOYMENT_TARGET = 26.5;
				MARKETING_VERSION = 1.0;
				PRODUCT_BUNDLE_IDENTIFIER = com.bmh.PrepPilot;
				PRODUCT_NAME = "$(TARGET_NAME)";
				REGISTER_APP_GROUPS = YES;
				SDKROOT = auto;
				STRING_CATALOG_GENERATE_SYMBOLS = YES;
				SUPPORTED_PLATFORMS = "iphoneos iphonesimulator macosx xros xrsimulator";
				SWIFT_APPROACHABLE_CONCURRENCY = YES;
				SWIFT_DEFAULT_ACTOR_ISOLATION = MainActor;
				SWIFT_EMIT_LOC_STRINGS = YES;
				SWIFT_UPCOMING_FEATURE_MEMBER_IMPORT_VISIBILITY = YES;
				SWIFT_VERSION = 5.0;
				TARGETED_DEVICE_FAMILY = "1,2,7";
				XROS_DEPLOYMENT_TARGET = 26.5;
			};
			name = Release;
		};
		9C9617E42FD67FA4005BD21A /* Debug */ = {
			isa = XCBuildConfiguration;
			buildSettings = {
				ASSETCATALOG_COMPILER_GLOBAL_ACCENT_COLOR_NAME = AccentColor;
				ASSETCATALOG_COMPILER_WIDGET_BACKGROUND_COLOR_NAME = WidgetBackground;
				CODE_SIGN_STYLE = Automatic;
				CURRENT_PROJECT_VERSION = 1;
				DEVELOPMENT_TEAM = 8JUK8MNWQ7;
				GENERATE_INFOPLIST_FILE = YES;
				INFOPLIST_FILE = PrepPilotWidgets/Info.plist;
				INFOPLIST_KEY_CFBundleDisplayName = PrepPilotWidgets;
				INFOPLIST_KEY_NSHumanReadableCopyright = "";
				IPHONEOS_DEPLOYMENT_TARGET = 26.5;
				LD_RUNPATH_SEARCH_PATHS = (
					"$(inherited)",
					"@executable_path/Frameworks",
					"@executable_path/../../Frameworks",
				);
				MARKETING_VERSION = 1.0;
				PRODUCT_BUNDLE_IDENTIFIER = com.bmh.PrepPilot.PrepPilotWidgets;
				PRODUCT_NAME = "$(TARGET_NAME)";
				SDKROOT = iphoneos;
				SKIP_INSTALL = YES;
				STRING_CATALOG_GENERATE_SYMBOLS = YES;
				SWIFT_APPROACHABLE_CONCURRENCY = YES;
				SWIFT_EMIT_LOC_STRINGS = YES;
				SWIFT_UPCOMING_FEATURE_MEMBER_IMPORT_VISIBILITY = YES;
				SWIFT_VERSION = 5.0;
				TARGETED_DEVICE_FAMILY = "1,2";
			};
			name = Debug;
		};
		9C9617E52FD67FA4005BD21A /* Release */ = {
			isa = XCBuildConfiguration;
			buildSettings = {
				ASSETCATALOG_COMPILER_GLOBAL_ACCENT_COLOR_NAME = AccentColor;
				ASSETCATALOG_COMPILER_WIDGET_BACKGROUND_COLOR_NAME = WidgetBackground;
				CODE_SIGN_STYLE = Automatic;
				CURRENT_PROJECT_VERSION = 1;
				DEVELOPMENT_TEAM = 8JUK8MNWQ7;
				GENERATE_INFOPLIST_FILE = YES;
				INFOPLIST_FILE = PrepPilotWidgets/Info.plist;
				INFOPLIST_KEY_CFBundleDisplayName = PrepPilotWidgets;
				INFOPLIST_KEY_NSHumanReadableCopyright = "";
				IPHONEOS_DEPLOYMENT_TARGET = 26.5;
				LD_RUNPATH_SEARCH_PATHS = (
					"$(inherited)",
					"@executable_path/Frameworks",
					"@executable_path/../../Frameworks",
				);
				MARKETING_VERSION = 1.0;
				PRODUCT_BUNDLE_IDENTIFIER = com.bmh.PrepPilot.PrepPilotWidgets;
				PRODUCT_NAME = "$(TARGET_NAME)";
				SDKROOT = iphoneos;
				SKIP_INSTALL = YES;
				STRING_CATALOG_GENERATE_SYMBOLS = YES;
				SWIFT_APPROACHABLE_CONCURRENCY = YES;
				SWIFT_EMIT_LOC_STRINGS = YES;
				SWIFT_UPCOMING_FEATURE_MEMBER_IMPORT_VISIBILITY = YES;
				SWIFT_VERSION = 5.0;
				TARGETED_DEVICE_FAMILY = "1,2";
				VALIDATE_PRODUCT = YES;
			};
			name = Release;
		};
/* End XCBuildConfiguration section */

/* Begin XCConfigurationList section */
		9C7F92622FD1482C001A8E1F /* Build configuration list for PBXProject "PrepPilot" */ = {
			isa = XCConfigurationList;
			buildConfigurations = (
				9C7F92702FD1482D001A8E1F /* Debug */,
				9C7F92712FD1482D001A8E1F /* Release */,
			);
			defaultConfigurationIsVisible = 0;
			defaultConfigurationName = Release;
		};
		9C7F92722FD1482D001A8E1F /* Build configuration list for PBXNativeTarget "PrepPilot" */ = {
			isa = XCConfigurationList;
			buildConfigurations = (
				9C7F92732FD1482D001A8E1F /* Debug */,
				9C7F92742FD1482D001A8E1F /* Release */,
			);
			defaultConfigurationIsVisible = 0;
			defaultConfigurationName = Release;
		};
		9C9617E32FD67FA4005BD21A /* Build configuration list for PBXNativeTarget "PrepPilotWidgetsExtension" */ = {
			isa = XCConfigurationList;
			buildConfigurations = (
				9C9617E42FD67FA4005BD21A /* Debug */,
				9C9617E52FD67FA4005BD21A /* Release */,
			);
			defaultConfigurationIsVisible = 0;
			defaultConfigurationName = Release;
		};
/* End XCConfigurationList section */
	};
	rootObject = 9C7F925F2FD1482C001A8E1F /* Project object */;
}
